// !$*UTF8*$!
{
	archiveVersion = 1;
	classes = {
	};
	objectVersion = 50;
	objects = {

/* Begin PBXBuildFile section */
		A0F1C348225B331200A35A3D /* AppDelegate.m in Sources */ = {isa = PBXBuildFile; fileRef = A0F1C347225B331200A35A3D /* AppDelegate.m */; };
		A0F1C34B225B331200A35A3D /* ViewController.m in Sources */ = {isa = PBXBuildFile; fileRef = A0F1C34A225B331200A35A3D /* ViewController.m */; };
		A0F1C34E225B331200A35A3D /* Main.storyboard in Resources */ = {isa = PBXBuildFile; fileRef = A0F1C34C225B331200A35A3D /* Main.storyboard */; };
		A0F1C350225B331400A35A3D /* Assets.xcassets in Resources */ = {isa = PBXBuildFile; fileRef = A0F1C34F225B331400A35A3D /* Assets.xcassets */; };
		A0F1C353225B331400A35A3D /* LaunchScreen.storyboard in Resources */ = {isa = PBXBuildFile; fileRef = A0F1C351225B331400A35A3D /* LaunchScreen.storyboard */; };
		A0F1C356225B331400A35A3D /* main.m in Sources */ = {isa = PBXBuildFile; fileRef = A0F1C355225B331400A35A3D /* main.m */; };
/* End PBXBuildFile section */

/* Begin PBXFileReference section */
		A0F1C343225B331200A35A3D /* AnimationChain.app */ = {isa = PBXFileReference; explicitFileType = wrapper.application; includeInIndex = 0; path = AnimationChain.app; sourceTree = BUILT_PRODUCTS_DIR; };
		A0F1C346225B331200A35A3D /* AppDelegate.h */ = {isa = PBXFileReference; lastKnownFileType = sourcecode.c.h; path = AppDelegate.h; sourceTree = "<group>"; };
		A0F1C347225B331200A35A3D /* AppDelegate.m */ = {isa = PBXFileReference; lastKnownFileType = sourcecode.c.objc; path = AppDelegate.m; sourceTree = "<group>"; };
		A0F1C349225B331200A35A3D /* ViewController.h */ = {isa = PBXFileReference; lastKnownFileType = sourcecode.c.h; path = ViewController.h; sourceTree = "<group>"; };
		A0F1C34A225B331200A35A3D /* ViewController.m */ = {isa = PBXFileReference; lastKnownFileType = sourcecode.c.objc; path = ViewController.m; sourceTree = "<group>"; };
		A0F1C34D225B331200A35A3D /* Base */ = {isa = PBXFileReference; lastKnownFileType = file.storyboard; name = Base; path = Base.lproj/Main.storyboard; sourceTree = "<group>"; };
		A0F1C34F225B331400A35A3D /* Assets.xcassets */ = {isa = PBXFileReference; lastKnownFileType = folder.assetcatalog; path = Assets.xcassets; sourceTree = "<group>"; };
		A0F1C352225B331400A35A3D /* Base */ = {isa = PBXFileReference; lastKnownFileType = file.storyboard; name = Base; path = Base.lproj/LaunchScreen.storyboard; sourceTree = "<group>"; };
		A0F1C354225B331400A35A3D /* Info.plist */ = {isa = PBXFileReference; lastKnownFileType = text.plist.xml; path = Info.plist; sourceTree = "<group>"; };
		A0F1C355225B331400A35A3D /* main.m */ = {isa = PBXFileReference; lastKnownFileType = sourcecode.c.objc; path = main.m; sourceTree = "<group>"; };
/* End PBXFileReference section */

/* Begin PBXFrameworksBuildPhase section */
		A0F1C340225B331200A35A3D /* Frameworks */ = {
			isa = PBXFrameworksBuildPhase;
			buildActionMask = 2147483647;
			files = (
			);
			runOnlyForDeploymentPostprocessing = 0;
		};
/* End PBXFrameworksBuildPhase section */

/* Begin PBXGroup section */
		A0F1C33A225B331200A35A3D = {
			isa = PBXGroup;
			children = (
				A0F1C345225B331200A35A3D /* AnimationChain */,
				A0F1C344225B331200A35A3D /* Products */,
			);
			sourceTree = "<group>";
		};
		A0F1C344225B331200A35A3D /* Products */ = {
			isa = PBXGroup;
			children = (
				A0F1C343225B331200A35A3D /* AnimationChain.app */,
			);
			name = Products;
			sourceTree = "<group>";
		};
		A0F1C345225B331200A35A3D /* AnimationChain */ = {
			isa = PBXGroup;
			children = (
				A0F1C346225B331200A35A3D /* AppDelegate.h */,
				A0F1C347225B331200A35A3D /* AppDelegate.m */,
				A0F1C349225B331200A35A3D /* ViewController.h */,
				A0F1C34A225B331200A35A3D /* ViewController.m */,
				A0F1C34C225B331200A35A3D /* Main.storyboard */,
				A0F1C34F225B331400A35A3D /* Assets.xcassets */,
				A0F1C351225B331400A35A3D /* LaunchScreen.storyboard */,
				A0F1C354225B331400A35A3D /* Info.plist */,
				A0F1C355225B331400A35A3D /* main.m */,
			);
			path = AnimationChain;
			sourceTree = "<group>";
		};
/* End PBXGroup section */

/* Begin PBXNativeTarget section */
		A0F1C342225B331200A35A3D /* AnimationChain */ = {
			isa = PBXNativeTarget;
			buildConfigurationList = A0F1C359225B331400A35A3D /* Build configuration list for PBXNativeTarget "AnimationChain" */;
			buildPhases = (
				A0F1C33F225B331200A35A3D /* Sources */,
				A0F1C340225B331200A35A3D /* Frameworks */,
				A0F1C341225B331200A35A3D /* Resources */,
			);
			buildRules = (
			);
			dependencies = (
			);
			name = AnimationChain;
			productName = AnimationChain;
			productReference = A0F1C343225B331200A35A3D /* AnimationChain.app */;
			productType = "com.apple.product-type.application";
		};
/* End PBXNativeTarget section */

/* Begin PBXProject section */
		A0F1C33B225B331200A35A3D /* Project object */ = {
			isa = PBXProject;
			attributes = {
				LastUpgradeCheck = 1020;
				ORGANIZATIONNAME = "Prashant Dwivedi";
				TargetAttributes = {
					A0F1C342225B331200A35A3D = {
						CreatedOnToolsVersion = 10.2;
					};
				};
			};
			buildConfigurationList = A0F1C33E225B331200A35A3D /* Build configuration list for PBXProject "AnimationChain" */;
			compatibilityVersion = "Xcode 9.3";
			developmentRegion = en;
			hasScannedForEncodings = 0;
			knownRegions = (
				en,
				Base,
			);
			mainGroup = A0F1C33A225B331200A35A3D;
			productRefGroup = A0F1C344225B331200A35A3D /* Products */;
			projectDirPath = "";
			projectRoot = "";
			targets = (
				A0F1C342225B331200A35A3D /* AnimationChain */,
			);
		};
/* End PBXProject section */

/* Begin PBXResourcesBuildPhase section */
		A0F1C341225B331200A35A3D /* Resources */ = {
			isa = PBXResourcesBuildPhase;
			buildActionMask = 2147483647;
			files = (
				A0F1C353225B331400A35A3D /* LaunchScreen.storyboard in Resources */,
				A0F1C350225B331400A35A3D /* Assets.xcassets in Resources */,
				A0F1C34E225B331200A35A3D /* Main.storyboard in Resources */,
			);
			runOnlyForDeploymentPostprocessing = 0;
		};
/* End PBXResourcesBuildPhase section */

/* Begin PBXSourcesBuildPhase section */
		A0F1C33F225B331200A35A3D /* Sources */ = {
			isa = PBXSourcesBuildPhase;
			buildActionMask = 2147483647;
			files = (
				A0F1C34B225B331200A35A3D /* ViewController.m in Sources */,
				A0F1C356225B331400A35A3D /* main.m in Sources */,
				A0F1C348225B331200A35A3D /* AppDelegate.m in Sources */,
			);
			runOnlyForDeploymentPostprocessing = 0;
		};
/* End PBXSourcesBuildPhase section */

/* Begin PBXVariantGroup section */
		A0F1C34C225B331200A35A3D /* Main.storyboard */ = {
			isa = PBXVariantGroup;
			children = (
				A0F1C34D225B331200A35A3D /* Base */,
			);
			name = Main.storyboard;
			sourceTree = "<group>";
		};
		A0F1C351225B331400A35A3D /* LaunchScreen.storyboard */ = {
			isa = PBXVariantGroup;
			children = (
				A0F1C352225B331400A35A3D /* Base */,
			);
			name = LaunchScreen.storyboard;
			sourceTree = "<group>";
		};
/* End PBXVariantGroup section */

/* Begin XCBuildConfiguration section */
		A0F1C357225B331400A35A3D /* Debug */ = {
			isa = XCBuildConfiguration;
			buildSettings = {
				ALWAYS_SEARCH_USER_PATHS = NO;
				CLANG_ANALYZER_NONNULL = YES;
				CLANG_ANALYZER_NUMBER_OBJECT_CONVERSION = YES_AGGRESSIVE;
				CLANG_CXX_LANGUAGE_STANDARD = "gnu++14";
				CLANG_CXX_LIBRARY = "libc++";
				CLANG_ENABLE_MODULES = YES;
				CLANG_ENABLE_OBJC_ARC = YES;
				CLANG_ENABLE_OBJC_WEAK = YES;
				CLANG_WARN_BLOCK_CAPTURE_AUTORELEASING = YES;
				CLANG_WARN_BOOL_CONVERSION = YES;
				CLANG_WARN_COMMA = YES;
				CLANG_WARN_CONSTANT_CONVERSION = YES;
				CLANG_WARN_DEPRECATED_OBJC_IMPLEMENTATIONS = YES;
				CLANG_WARN_DIRECT_OBJC_ISA_USAGE = YES_ERROR;
				CLANG_WARN_DOCUMENTATION_COMMENTS = YES;
				CLANG_WARN_EMPTY_BODY = YES;
				CLANG_WARN_ENUM_CONVERSION = YES;
				CLANG_WARN_INFINITE_RECURSION = YES;
				CLANG_WARN_INT_CONVERSION = YES;
				CLANG_WARN_NON_LITERAL_NULL_CONVERSION = YES;
				CLANG_WARN_OBJC_IMPLICIT_RETAIN_SELF = YES;
				CLANG_WARN_OBJC_LITERAL_CONVERSION = YES;
				CLANG_WARN_OBJC_ROOT_CLASS = YES_ERROR;
				CLANG_WARN_RANGE_LOOP_ANALYSIS = YES;
				CLANG_WARN_STRICT_PROTOTYPES = YES;
				CLANG_WARN_SUSPICIOUS_MOVE = YES;
				CLANG_WARN_UNGUARDED_AVAILABILITY = YES_AGGRESSIVE;
				CLANG_WARN_UNREACHABLE_CODE = YES;
				CLANG_WARN__DUPLICATE_METHOD_MATCH = YES;
				CODE_SIGN_IDENTITY = "iPhone Developer";
				COPY_PHASE_STRIP = NO;
				DEBUG_INFORMATION_FORMAT = dwarf;
				ENABLE_STRICT_OBJC_MSGSEND = YES;
				ENABLE_TESTABILITY = YES;
				GCC_C_LANGUAGE_STANDARD = gnu11;
				GCC_DYNAMIC_NO_PIC = NO;
				GCC_NO_COMMON_BLOCKS = YES;
				GCC_OPTIMIZATION_LEVEL = 0;
				GCC_PREPROCESSOR_DEFINITIONS = (
					"DEBUG=1",
					"$(inherited)",
				);
				GCC_WARN_64_TO_32_BIT_CONVERSION = YES;
				GCC_WARN_ABOUT_RETURN_TYPE = YES_ERROR;
				GCC_WARN_UNDECLARED_SELECTOR = YES;
				GCC_WARN_UNINITIALIZED_AUTOS = YES_AGGRESSIVE;
				GCC_WARN_UNUSED_FUNCTION = YES;
				GCC_WARN_UNUSED_VARIABLE = YES;
				IPHONEOS_DEPLOYMENT_TARGET = 12.2;
				MTL_ENABLE_DEBUG_INFO = INCLUDE_SOURCE;
				MTL_FAST_MATH = YES;
				ONLY_ACTIVE_ARCH = YES;
				SDKROOT = iphoneos;
			};
			name = Debug;
		};
		A0F1C358225B331400A35A3D /* Release */ = {
			isa = XCBuildConfiguration;
			buildSettings = {
				ALWAYS_SEARCH_USER_PATHS = NO;
				CLANG_ANALYZER_NONNULL = YES;
				CLANG_ANALYZER_NUMBER_OBJECT_CONVERSION = YES_AGGRESSIVE;
				CLANG_CXX_LANGUAGE_STANDARD = "gnu++14";
				CLANG_CXX_LIBRARY = "libc++";
				CLANG_ENABLE_MODULES = YES;
				CLANG_ENABLE_OBJC_ARC = YES;
				CLANG_ENABLE_OBJC_WEAK = YES;
				CLANG_WARN_BLOCK_CAPTURE_AUTORELEASING = YES;
				CLANG_WARN_BOOL_CONVERSION = YES;
				CLANG_WARN_COMMA = YES;
				CLANG_WARN_CONSTANT_CONVERSION = YES;
				CLANG_WARN_DEPRECATED_OBJC_IMPLEMENTATIONS = YES;
				CLANG_WARN_DIRECT_OBJC_ISA_USAGE = YES_ERROR;
				CLANG_WARN_DOCUMENTATION_COMMENTS = YES;
				CLANG_WARN_EMPTY_BODY = YES;
				CLANG_WARN_ENUM_CONVERSION = YES;
				CLANG_WARN_INFINITE_RECURSION = YES;
				CLANG_WARN_INT_CONVERSION = YES;
				CLANG_WARN_NON_LITERAL_NULL_CONVERSION = YES;
				CLANG_WARN_OBJC_IMPLICIT_RETAIN_SELF = YES;
				CLANG_WARN_OBJC_LITERAL_CONVERSION = YES;
				CLANG_WARN_OBJC_ROOT_CLASS = YES_ERROR;
				CLANG_WARN_RANGE_LOOP_ANALYSIS = YES;
				CLANG_WARN_STRICT_PROTOTYPES = YES;
				CLANG_WARN_SUSPICIOUS_MOVE = YES;
				CLANG_WARN_UNGUARDED_AVAILABILITY = YES_AGGRESSIVE;
				CLANG_WARN_UNREACHABLE_CODE = YES;
				CLANG_WARN__DUPLICATE_METHOD_MATCH = YES;
				CODE_SIGN_IDENTITY = "iPhone Developer";
				COPY_PHASE_STRIP = NO;
				DEBUG_INFORMATION_FORMAT = "dwarf-with-dsym";
				ENABLE_NS_ASSERTIONS = NO;
				ENABLE_STRICT_OBJC_MSGSEND = YES;
				GCC_C_LANGUAGE_STANDARD = gnu11;
				GCC_NO_COMMON_BLOCKS = YES;
				GCC_WARN_64_TO_32_BIT_CONVERSION = YES;
				GCC_WARN_ABOUT_RETURN_TYPE = YES_ERROR;
				GCC_WARN_UNDECLARED_SELECTOR = YES;
				GCC_WARN_UNINITIALIZED_AUTOS = YES_AGGRESSIVE;
				GCC_WARN_UNUSED_FUNCTION = YES;
				GCC_WARN_UNUSED_VARIABLE = YES;
				IPHONEOS_DEPLOYMENT_TARGET = 12.2;
				MTL_ENABLE_DEBUG_INFO = NO;
				MTL_FAST_MATH = YES;
				SDKROOT = iphoneos;
				VALIDATE_PRODUCT = YES;
			};
			name = Release;
		};
		A0F1C35A225B331400A35A3D /* Debug */ = {
			isa = XCBuildConfiguration;
			buildSettings = {
				ASSETCATALOG_COMPILER_APPICON_NAME = AppIcon;
				CODE_SIGN_STYLE = Automatic;
				DEVELOPMENT_TEAM = 4U5554WP3S;
				INFOPLIST_FILE = AnimationChain/Info.plist;
				LD_RUNPATH_SEARCH_PATHS = (
					"$(inherited)",
					"@executable_path/Frameworks",
				);
				PRODUCT_BUNDLE_IDENTIFIER = com.prashant.AnimationChain;
				PRODUCT_NAME = "$(TARGET_NAME)";
				TARGETED_DEVICE_FAMILY = "1,2";
			};
			name = Debug;
		};
		A0F1C35B225B331400A35A3D /* Release */ = {
			isa = XCBuildConfiguration;
			buildSettings = {
				ASSETCATALOG_COMPILER_APPICON_NAME = AppIcon;
				CODE_SIGN_STYLE = Automatic;
				DEVELOPMENT_TEAM = 4U5554WP3S;
				INFOPLIST_FILE = AnimationChain/Info.plist;
				LD_RUNPATH_SEARCH_PATHS = (
					"$(inherited)",
					"@executable_path/Frameworks",
				);
				PRODUCT_BUNDLE_IDENTIFIER = com.prashant.AnimationChain;
				PRODUCT_NAME = "$(TARGET_NAME)";
				TARGETED_DEVICE_FAMILY = "1,2";
			};
			name = Release;
		};
/* End XCBuildConfiguration section */

/* Begin XCConfigurationList section */
		A0F1C33E225B331200A35A3D /* Build configuration list for PBXProject "AnimationChain" */ = {
			isa = XCConfigurationList;
			buildConfigurations = (
				A0F1C357225B331400A35A3D /* Debug */,
				A0F1C358225B331400A35A3D /* Release */,
			);
			defaultConfigurationIsVisible = 0;
			defaultConfigurationName = Release;
		};
		A0F1C359225B331400A35A3D /* Build configuration list for PBXNativeTarget "AnimationChain" */ = {
			isa = XCConfigurationList;
			buildConfigurations = (
				A0F1C35A225B331400A35A3D /* Debug */,
				A0F1C35B225B331400A35A3D /* Release */,
			);
			defaultConfigurationIsVisible = 0;
			defaultConfigurationName = Release;
		};
/* End XCConfigurationList section */
	};
	rootObject = A0F1C33B225B331200A35A3D /* Project object */;
}
